
Microsoft Visual Studio Solution File, Format Version 12.00
# Visual Studio Version 17
VisualStudioVersion = 17.5.2.0
MinimumVisualStudioVersion = 10.0.40219.1
Project("{2150E333-8FDC-42A3-9474-1A3956D46DE8}") = "src", "src", "{827E0CD3-B72D-47B6-A68D-7590B98EB39B}"
EndProject
Project("{FAE04EC0-301F-11D3-BF4B-00C04F79EFBC}") = "ProdAbs.Domain", "src\ProdAbs.Domain\ProdAbs.Domain.csproj", "{A9A03B2D-09B1-7D53-5559-FE23BC8AEF11}"
EndProject
Project("{FAE04EC0-301F-11D3-BF4B-00C04F79EFBC}") = "ProdAbs.Presentation.Api", "src\ProdAbs.Presentation.Api\ProdAbs.Presentation.Api.csproj", "{93DCAFE8-51AF-FC8A-B55B-076FAF189BCC}"
EndProject
Project("{FAE04EC0-301F-11D3-BF4B-00C04F79EFBC}") = "ProdAbs.SharedKernel", "src\ProdAbs.SharedKernel\ProdAbs.SharedKernel.csproj", "{4408F29F-CD81-221F-07B6-E6F35AAC2501}"
EndProject
Project("{FAE04EC0-301F-11D3-BF4B-00C04F79EFBC}") = "ProdAbs.Application", "src\ProdAbs.Application\ProdAbs.Application.csproj", "{9800FDEC-B8E1-4A5D-9AAD-FFFCCC3358AF}"
EndProject
Project("{FAE04EC0-301F-11D3-BF4B-00C04F79EFBC}") = "ProdAbs.Infrastructure", "src\ProdAbs.Infrastructure\ProdAbs.Infrastructure.csproj", "{F66B8855-8A24-47FE-A9F6-5A5E9CC4CF66}"
EndProject
Project("{2150E333-8FDC-42A3-9474-1A3956D46DE8}") = "tests", "tests", "{0AB3BF05-4346-4AA6-1389-037BE0695223}"
EndProject
Project("{FAE04EC0-301F-11D3-BF4B-00C04F79EFBC}") = "ProdAbs.UnitTests", "tests\ProdAbs.UnitTests\ProdAbs.UnitTests.csproj", "{DE8D6F13-DB11-4986-9FED-44AFFD1390D0}"
EndProject
Project("{FAE04EC0-301F-11D3-BF4B-00C04F79EFBC}") = "ProdAbs.IntegrationTests", "tests\ProdAbs.IntegrationTests\ProdAbs.IntegrationTests.csproj", "{A887F477-29C8-4AB9-8B1A-C2305940FF48}"
EndProject
Project("{FAE04EC0-301F-11D3-BF4B-00C04F79EFBC}") = "ProdAbs.AppHost", "src\ProdAbs.AppHost\ProdAbs.AppHost.csproj", "{27F73E10-FA11-4416-B388-4A6B498367D9}"
EndProject
Project("{FAE04EC0-301F-11D3-BF4B-00C04F79EFBC}") = "ProdAbs.ServiceDefaults", "src\ProdAbs.ServiceDefaults\ProdAbs.ServiceDefaults.csproj", "{3E28C3C3-B8FD-4575-8589-F122292278FB}"
EndProject
Project("{2150E333-8FDC-42A3-9474-1A3956D46DE8}") = "Itens de Solução", "Itens de Solução", "{380A7511-A354-6D7A-0CC0-8FA1F1BA7B6C}"
	ProjectSection(SolutionItems) = preProject
		Execution.md = Execution.md
		GEMINI.md = GEMINI.md
	EndProjectSection
EndProject
Global
	GlobalSection(SolutionConfigurationPlatforms) = preSolution
		Debug|Any CPU = Debug|Any CPU
		Debug|x64 = Debug|x64
		Debug|x86 = Debug|x86
		Release|Any CPU = Release|Any CPU
		Release|x64 = Release|x64
		Release|x86 = Release|x86
	EndGlobalSection
	GlobalSection(ProjectConfigurationPlatforms) = postSolution
		{A9A03B2D-09B1-7D53-5559-FE23BC8AEF11}.Debug|Any CPU.ActiveCfg = Debug|Any CPU
		{A9A03B2D-09B1-7D53-5559-FE23BC8AEF11}.Debug|Any CPU.Build.0 = Debug|Any CPU
		{A9A03B2D-09B1-7D53-5559-FE23BC8AEF11}.Debug|x64.ActiveCfg = Debug|Any CPU
		{A9A03B2D-09B1-7D53-5559-FE23BC8AEF11}.Debug|x64.Build.0 = Debug|Any CPU
		{A9A03B2D-09B1-7D53-5559-FE23BC8AEF11}.Debug|x86.ActiveCfg = Debug|Any CPU
		{A9A03B2D-09B1-7D53-5559-FE23BC8AEF11}.Debug|x86.Build.0 = Debug|Any CPU
		{A9A03B2D-09B1-7D53-5559-FE23BC8AEF11}.Release|Any CPU.ActiveCfg = Release|Any CPU
		{A9A03B2D-09B1-7D53-5559-FE23BC8AEF11}.Release|Any CPU.Build.0 = Release|Any CPU
		{A9A03B2D-09B1-7D53-5559-FE23BC8AEF11}.Release|x64.ActiveCfg = Release|Any CPU
		{A9A03B2D-09B1-7D53-5559-FE23BC8AEF11}.Release|x64.Build.0 = Release|Any CPU
		{A9A03B2D-09B1-7D53-5559-FE23BC8AEF11}.Release|x86.ActiveCfg = Release|Any CPU
		{A9A03B2D-09B1-7D53-5559-FE23BC8AEF11}.Release|x86.Build.0 = Release|Any CPU
		{93DCAFE8-51AF-FC8A-B55B-076FAF189BCC}.Debug|Any CPU.ActiveCfg = Debug|Any CPU
		{93DCAFE8-51AF-FC8A-B55B-076FAF189BCC}.Debug|Any CPU.Build.0 = Debug|Any CPU
		{93DCAFE8-51AF-FC8A-B55B-076FAF189BCC}.Debug|x64.ActiveCfg = Debug|Any CPU
		{93DCAFE8-51AF-FC8A-B55B-076FAF189BCC}.Debug|x64.Build.0 = Debug|Any CPU
		{93DCAFE8-51AF-FC8A-B55B-076FAF189BCC}.Debug|x86.ActiveCfg = Debug|Any CPU
		{93DCAFE8-51AF-FC8A-B55B-076FAF189BCC}.Debug|x86.Build.0 = Debug|Any CPU
		{93DCAFE8-51AF-FC8A-B55B-076FAF189BCC}.Release|Any CPU.ActiveCfg = Release|Any CPU
		{93DCAFE8-51AF-FC8A-B55B-076FAF189BCC}.Release|Any CPU.Build.0 = Release|Any CPU
		{93DCAFE8-51AF-FC8A-B55B-076FAF189BCC}.Release|x64.ActiveCfg = Release|Any CPU
		{93DCAFE8-51AF-FC8A-B55B-076FAF189BCC}.Release|x64.Build.0 = Release|Any CPU
		{93DCAFE8-51AF-FC8A-B55B-076FAF189BCC}.Release|x86.ActiveCfg = Release|Any CPU
		{93DCAFE8-51AF-FC8A-B55B-076FAF189BCC}.Release|x86.Build.0 = Release|Any CPU
		{4408F29F-CD81-221F-07B6-E6F35AAC2501}.Debug|Any CPU.ActiveCfg = Debug|Any CPU
		{4408F29F-CD81-221F-07B6-E6F35AAC2501}.Debug|Any CPU.Build.0 = Debug|Any CPU
		{4408F29F-CD81-221F-07B6-E6F35AAC2501}.Debug|x64.ActiveCfg = Debug|Any CPU
		{4408F29F-CD81-221F-07B6-E6F35AAC2501}.Debug|x64.Build.0 = Debug|Any CPU
		{4408F29F-CD81-221F-07B6-E6F35AAC2501}.Debug|x86.ActiveCfg = Debug|Any CPU
		{4408F29F-CD81-221F-07B6-E6F35AAC2501}.Debug|x86.Build.0 = Debug|Any CPU
		{4408F29F-CD81-221F-07B6-E6F35AAC2501}.Release|Any CPU.ActiveCfg = Release|Any CPU
		{4408F29F-CD81-221F-07B6-E6F35AAC2501}.Release|Any CPU.Build.0 = Release|Any CPU
		{4408F29F-CD81-221F-07B6-E6F35AAC2501}.Release|x64.ActiveCfg = Release|Any CPU
		{4408F29F-CD81-221F-07B6-E6F35AAC2501}.Release|x64.Build.0 = Release|Any CPU
		{4408F29F-CD81-221F-07B6-E6F35AAC2501}.Release|x86.ActiveCfg = Release|Any CPU
		{4408F29F-CD81-221F-07B6-E6F35AAC2501}.Release|x86.Build.0 = Release|Any CPU
		{9800FDEC-B8E1-4A5D-9AAD-FFFCCC3358AF}.Debug|Any CPU.ActiveCfg = Debug|Any CPU
		{9800FDEC-B8E1-4A5D-9AAD-FFFCCC3358AF}.Debug|Any CPU.Build.0 = Debug|Any CPU
		{9800FDEC-B8E1-4A5D-9AAD-FFFCCC3358AF}.Debug|x64.ActiveCfg = Debug|Any CPU
		{9800FDEC-B8E1-4A5D-9AAD-FFFCCC3358AF}.Debug|x64.Build.0 = Debug|Any CPU
		{9800FDEC-B8E1-4A5D-9AAD-FFFCCC3358AF}.Debug|x86.ActiveCfg = Debug|Any CPU
		{9800FDEC-B8E1-4A5D-9AAD-FFFCCC3358AF}.Debug|x86.Build.0 = Debug|Any CPU
		{9800FDEC-B8E1-4A5D-9AAD-FFFCCC3358AF}.Release|Any CPU.ActiveCfg = Release|Any CPU
		{9800FDEC-B8E1-4A5D-9AAD-FFFCCC3358AF}.Release|Any CPU.Build.0 = Release|Any CPU
		{9800FDEC-B8E1-4A5D-9AAD-FFFCCC3358AF}.Release|x64.ActiveCfg = Release|Any CPU
		{9800FDEC-B8E1-4A5D-9AAD-FFFCCC3358AF}.Release|x64.Build.0 = Release|Any CPU
		{9800FDEC-B8E1-4A5D-9AAD-FFFCCC3358AF}.Release|x86.ActiveCfg = Release|Any CPU
		{9800FDEC-B8E1-4A5D-9AAD-FFFCCC3358AF}.Release|x86.Build.0 = Release|Any CPU
		{F66B8855-8A24-47FE-A9F6-5A5E9CC4CF66}.Debug|Any CPU.ActiveCfg = Debug|Any CPU
		{F66B8855-8A24-47FE-A9F6-5A5E9CC4CF66}.Debug|Any CPU.Build.0 = Debug|Any CPU
		{F66B8855-8A24-47FE-A9F6-5A5E9CC4CF66}.Debug|x64.ActiveCfg = Debug|Any CPU
		{F66B8855-8A24-47FE-A9F6-5A5E9CC4CF66}.Debug|x64.Build.0 = Debug|Any CPU
		{F66B8855-8A24-47FE-A9F6-5A5E9CC4CF66}.Debug|x86.ActiveCfg = Debug|Any CPU
		{F66B8855-8A24-47FE-A9F6-5A5E9CC4CF66}.Debug|x86.Build.0 = Debug|Any CPU
		{F66B8855-8A24-47FE-A9F6-5A5E9CC4CF66}.Release|Any CPU.ActiveCfg = Release|Any CPU
		{F66B8855-8A24-47FE-A9F6-5A5E9CC4CF66}.Release|Any CPU.Build.0 = Release|Any CPU
		{F66B8855-8A24-47FE-A9F6-5A5E9CC4CF66}.Release|x64.ActiveCfg = Release|Any CPU
		{F66B8855-8A24-47FE-A9F6-5A5E9CC4CF66}.Release|x64.Build.0 = Release|Any CPU
		{F66B8855-8A24-47FE-A9F6-5A5E9CC4CF66}.Release|x86.ActiveCfg = Release|Any CPU
		{F66B8855-8A24-47FE-A9F6-5A5E9CC4CF66}.Release|x86.Build.0 = Release|Any CPU
		{DE8D6F13-DB11-4986-9FED-44AFFD1390D0}.Debug|Any CPU.ActiveCfg = Debug|Any CPU
		{DE8D6F13-DB11-4986-9FED-44AFFD1390D0}.Debug|Any CPU.Build.0 = Debug|Any CPU
		{DE8D6F13-DB11-4986-9FED-44AFFD1390D0}.Debug|x64.ActiveCfg = Debug|Any CPU
		{DE8D6F13-DB11-4986-9FED-44AFFD1390D0}.Debug|x64.Build.0 = Debug|Any CPU
		{DE8D6F13-DB11-4986-9FED-44AFFD1390D0}.Debug|x86.ActiveCfg = Debug|Any CPU
		{DE8D6F13-DB11-4986-9FED-44AFFD1390D0}.Debug|x86.Build.0 = Debug|Any CPU
		{DE8D6F13-DB11-4986-9FED-44AFFD1390D0}.Release|Any CPU.ActiveCfg = Release|Any CPU
		{DE8D6F13-DB11-4986-9FED-44AFFD1390D0}.Release|Any CPU.Build.0 = Release|Any CPU
		{DE8D6F13-DB11-4986-9FED-44AFFD1390D0}.Release|x64.ActiveCfg = Release|Any CPU
		{DE8D6F13-DB11-4986-9FED-44AFFD1390D0}.Release|x64.Build.0 = Release|Any CPU
		{DE8D6F13-DB11-4986-9FED-44AFFD1390D0}.Release|x86.ActiveCfg = Release|Any CPU
		{DE8D6F13-DB11-4986-9FED-44AFFD1390D0}.Release|x86.Build.0 = Release|Any CPU
		{A887F477-29C8-4AB9-8B1A-C2305940FF48}.Debug|Any CPU.ActiveCfg = Debug|Any CPU
		{A887F477-29C8-4AB9-8B1A-C2305940FF48}.Debug|Any CPU.Build.0 = Debug|Any CPU
		{A887F477-29C8-4AB9-8B1A-C2305940FF48}.Debug|x64.ActiveCfg = Debug|Any CPU
		{A887F477-29C8-4AB9-8B1A-C2305940FF48}.Debug|x64.Build.0 = Debug|Any CPU
		{A887F477-29C8-4AB9-8B1A-C2305940FF48}.Debug|x86.ActiveCfg = Debug|Any CPU
		{A887F477-29C8-4AB9-8B1A-C2305940FF48}.Debug|x86.Build.0 = Debug|Any CPU
		{A887F477-29C8-4AB9-8B1A-C2305940FF48}.Release|Any CPU.ActiveCfg = Release|Any CPU
		{A887F477-29C8-4AB9-8B1A-C2305940FF48}.Release|Any CPU.Build.0 = Release|Any CPU
		{A887F477-29C8-4AB9-8B1A-C2305940FF48}.Release|x64.ActiveCfg = Release|Any CPU
		{A887F477-29C8-4AB9-8B1A-C2305940FF48}.Release|x64.Build.0 = Release|Any CPU
		{A887F477-29C8-4AB9-8B1A-C2305940FF48}.Release|x86.ActiveCfg = Release|Any CPU
		{A887F477-29C8-4AB9-8B1A-C2305940FF48}.Release|x86.Build.0 = Release|Any CPU
		{27F73E10-FA11-4416-B388-4A6B498367D9}.Debug|Any CPU.ActiveCfg = Debug|Any CPU
		{27F73E10-FA11-4416-B388-4A6B498367D9}.Debug|Any CPU.Build.0 = Debug|Any CPU
		{27F73E10-FA11-4416-B388-4A6B498367D9}.Debug|x64.ActiveCfg = Debug|Any CPU
		{27F73E10-FA11-4416-B388-4A6B498367D9}.Debug|x64.Build.0 = Debug|Any CPU
		{27F73E10-FA11-4416-B388-4A6B498367D9}.Debug|x86.ActiveCfg = Debug|Any CPU
		{27F73E10-FA11-4416-B388-4A6B498367D9}.Debug|x86.Build.0 = Debug|Any CPU
		{27F73E10-FA11-4416-B388-4A6B498367D9}.Release|Any CPU.ActiveCfg = Release|Any CPU
		{27F73E10-FA11-4416-B388-4A6B498367D9}.Release|Any CPU.Build.0 = Release|Any CPU
		{27F73E10-FA11-4416-B388-4A6B498367D9}.Release|x64.ActiveCfg = Release|Any CPU
		{27F73E10-FA11-4416-B388-4A6B498367D9}.Release|x64.Build.0 = Release|Any CPU
		{27F73E10-FA11-4416-B388-4A6B498367D9}.Release|x86.ActiveCfg = Release|Any CPU
		{27F73E10-FA11-4416-B388-4A6B498367D9}.Release|x86.Build.0 = Release|Any CPU
		{3E28C3C3-B8FD-4575-8589-F122292278FB}.Debug|Any CPU.ActiveCfg = Debug|Any CPU
		{3E28C3C3-B8FD-4575-8589-F122292278FB}.Debug|Any CPU.Build.0 = Debug|Any CPU
		{3E28C3C3-B8FD-4575-8589-F122292278FB}.Debug|x64.ActiveCfg = Debug|Any CPU
		{3E28C3C3-B8FD-4575-8589-F122292278FB}.Debug|x64.Build.0 = Debug|Any CPU
		{3E28C3C3-B8FD-4575-8589-F122292278FB}.Debug|x86.ActiveCfg = Debug|Any CPU
		{3E28C3C3-B8FD-4575-8589-F122292278FB}.Debug|x86.Build.0 = Debug|Any CPU
		{3E28C3C3-B8FD-4575-8589-F122292278FB}.Release|Any CPU.ActiveCfg = Release|Any CPU
		{3E28C3C3-B8FD-4575-8589-F122292278FB}.Release|Any CPU.Build.0 = Release|Any CPU
		{3E28C3C3-B8FD-4575-8589-F122292278FB}.Release|x64.ActiveCfg = Release|Any CPU
		{3E28C3C3-B8FD-4575-8589-F122292278FB}.Release|x64.Build.0 = Release|Any CPU
		{3E28C3C3-B8FD-4575-8589-F122292278FB}.Release|x86.ActiveCfg = Release|Any CPU
		{3E28C3C3-B8FD-4575-8589-F122292278FB}.Release|x86.Build.0 = Release|Any CPU
	EndGlobalSection
	GlobalSection(SolutionProperties) = preSolution
		HideSolutionNode = FALSE
	EndGlobalSection
	GlobalSection(NestedProjects) = preSolution
		{A9A03B2D-09B1-7D53-5559-FE23BC8AEF11} = {827E0CD3-B72D-47B6-A68D-7590B98EB39B}
		{93DCAFE8-51AF-FC8A-B55B-076FAF189BCC} = {827E0CD3-B72D-47B6-A68D-7590B98EB39B}
		{4408F29F-CD81-221F-07B6-E6F35AAC2501} = {827E0CD3-B72D-47B6-A68D-7590B98EB39B}
		{9800FDEC-B8E1-4A5D-9AAD-FFFCCC3358AF} = {827E0CD3-B72D-47B6-A68D-7590B98EB39B}
		{F66B8855-8A24-47FE-A9F6-5A5E9CC4CF66} = {827E0CD3-B72D-47B6-A68D-7590B98EB39B}
		{DE8D6F13-DB11-4986-9FED-44AFFD1390D0} = {0AB3BF05-4346-4AA6-1389-037BE0695223}
		{A887F477-29C8-4AB9-8B1A-C2305940FF48} = {0AB3BF05-4346-4AA6-1389-037BE0695223}
		{27F73E10-FA11-4416-B388-4A6B498367D9} = {827E0CD3-B72D-47B6-A68D-7590B98EB39B}
		{3E28C3C3-B8FD-4575-8589-F122292278FB} = {827E0CD3-B72D-47B6-A68D-7590B98EB39B}
	EndGlobalSection
	GlobalSection(ExtensibilityGlobals) = postSolution
		SolutionGuid = {3709CD8D-13D1-49BE-A5B5-2552678FF895}
	EndGlobalSection
EndGlobal
